
Microsoft Visual Studio Solution File, Format Version 12.00
# Visual Studio Version 17
VisualStudioVersion = 17.5.002.0
MinimumVisualStudioVersion = 10.0.40219.1
Project("{9A19103F-16F7-4668-BE54-9A1E7A4F7556}") = "Secuencia", "Secuencia.csproj", "{646C0D8C-922F-4F7E-84CF-02446A58E8EB}"
EndProject
Global
	GlobalSection(SolutionConfigurationPlatforms) = preSolution
		Debug|Any CPU = Debug|Any CPU
		Release|Any CPU = Release|Any CPU
	EndGlobalSection
	GlobalSection(ProjectConfigurationPlatforms) = postSolution
		{646C0D8C-922F-4F7E-84CF-02446A58E8EB}.Debug|Any CPU.ActiveCfg = Debug|Any CPU
		{646C0D8C-922F-4F7E-84CF-02446A58E8EB}.Debug|Any CPU.Build.0 = Debug|Any CPU
		{646C0D8C-922F-4F7E-84CF-02446A58E8EB}.Release|Any CPU.ActiveCfg = Release|Any CPU
		{646C0D8C-922F-4F7E-84CF-02446A58E8EB}.Release|Any CPU.Build.0 = Release|Any CPU
	EndGlobalSection
	GlobalSection(SolutionProperties) = preSolution
		HideSolutionNode = FALSE
	EndGlobalSection
	GlobalSection(ExtensibilityGlobals) = postSolution
		SolutionGuid = {67A15B93-F91B-4186-84D8-F5842ED107AE}
	EndGlobalSection
EndGlobal
